
Microsoft Visual Studio Solution File, Format Version 12.00
# Visual Studio Version 16
VisualStudioVersion = 16.0.30503.244
MinimumVisualStudioVersion = 10.0.40219.1
Project("{9A19103F-16F7-4668-BE54-9A1E7A4F7556}") = "Bacchus", "Bacchus\Bacchus.csproj", "{34F56F6E-0468-443C-8299-27DF8E37B970}"
EndProject
Project("{FAE04EC0-301F-11D3-BF4B-00C04F79EFBC}") = "Tests", "Tests\Tests.csproj", "{A9FA6493-0539-475D-9D20-DDA28F1B76D6}"
EndProject
Global
	GlobalSection(SolutionConfigurationPlatforms) = preSolution
		Debug|Any CPU = Debug|Any CPU
		Release|Any CPU = Release|Any CPU
	EndGlobalSection
	GlobalSection(ProjectConfigurationPlatforms) = postSolution
		{34F56F6E-0468-443C-8299-27DF8E37B970}.Debug|Any CPU.ActiveCfg = Debug|Any CPU
		{34F56F6E-0468-443C-8299-27DF8E37B970}.Debug|Any CPU.Build.0 = Debug|Any CPU
		{34F56F6E-0468-443C-8299-27DF8E37B970}.Release|Any CPU.ActiveCfg = Release|Any CPU
		{34F56F6E-0468-443C-8299-27DF8E37B970}.Release|Any CPU.Build.0 = Release|Any CPU
		{A9FA6493-0539-475D-9D20-DDA28F1B76D6}.Debug|Any CPU.ActiveCfg = Debug|Any CPU
		{A9FA6493-0539-475D-9D20-DDA28F1B76D6}.Debug|Any CPU.Build.0 = Debug|Any CPU
		{A9FA6493-0539-475D-9D20-DDA28F1B76D6}.Release|Any CPU.ActiveCfg = Release|Any CPU
		{A9FA6493-0539-475D-9D20-DDA28F1B76D6}.Release|Any CPU.Build.0 = Release|Any CPU
	EndGlobalSection
	GlobalSection(SolutionProperties) = preSolution
		HideSolutionNode = FALSE
	EndGlobalSection
	GlobalSection(ExtensibilityGlobals) = postSolution
		SolutionGuid = {1BF4305E-3EA4-4371-9532-373EB0A07753}
	EndGlobalSection
EndGlobal
